
Microsoft Visual Studio Solution File, Format Version 12.00
# Visual Studio Version 17
VisualStudioVersion = 17.3.32825.248
MinimumVisualStudioVersion = 10.0.40219.1
Project("{FAE04EC0-301F-11D3-BF4B-00C04F79EFBC}") = "FTask.API", "FTask.API\FTask.API.csproj", "{AB8FA892-2411-491A-B5CD-B9A34C25E9CB}"
EndProject
Project("{FAE04EC0-301F-11D3-BF4B-00C04F79EFBC}") = "FTask.Repository", "FTask.Repository\FTask.Repository.csproj", "{33EEBB5F-C961-4EC3-AF70-3778BFFC1253}"
EndProject
Project("{FAE04EC0-301F-11D3-BF4B-00C04F79EFBC}") = "FTask.Service", "FTask.Service\FTask.Service.csproj", "{CB206D20-0814-4EBF-AF7D-11A2E6CA8829}"
EndProject
Global
	GlobalSection(SolutionConfigurationPlatforms) = preSolution
		Debug|Any CPU = Debug|Any CPU
		Release|Any CPU = Release|Any CPU
	EndGlobalSection
	GlobalSection(ProjectConfigurationPlatforms) = postSolution
		{AB8FA892-2411-491A-B5CD-B9A34C25E9CB}.Debug|Any CPU.ActiveCfg = Debug|Any CPU
		{AB8FA892-2411-491A-B5CD-B9A34C25E9CB}.Debug|Any CPU.Build.0 = Debug|Any CPU
		{AB8FA892-2411-491A-B5CD-B9A34C25E9CB}.Release|Any CPU.ActiveCfg = Release|Any CPU
		{AB8FA892-2411-491A-B5CD-B9A34C25E9CB}.Release|Any CPU.Build.0 = Release|Any CPU
		{33EEBB5F-C961-4EC3-AF70-3778BFFC1253}.Debug|Any CPU.ActiveCfg = Debug|Any CPU
		{33EEBB5F-C961-4EC3-AF70-3778BFFC1253}.Debug|Any CPU.Build.0 = Debug|Any CPU
		{33EEBB5F-C961-4EC3-AF70-3778BFFC1253}.Release|Any CPU.ActiveCfg = Release|Any CPU
		{33EEBB5F-C961-4EC3-AF70-3778BFFC1253}.Release|Any CPU.Build.0 = Release|Any CPU
		{CB206D20-0814-4EBF-AF7D-11A2E6CA8829}.Debug|Any CPU.ActiveCfg = Debug|Any CPU
		{CB206D20-0814-4EBF-AF7D-11A2E6CA8829}.Debug|Any CPU.Build.0 = Debug|Any CPU
		{CB206D20-0814-4EBF-AF7D-11A2E6CA8829}.Release|Any CPU.ActiveCfg = Release|Any CPU
		{CB206D20-0814-4EBF-AF7D-11A2E6CA8829}.Release|Any CPU.Build.0 = Release|Any CPU
	EndGlobalSection
	GlobalSection(SolutionProperties) = preSolution
		HideSolutionNode = FALSE
	EndGlobalSection
	GlobalSection(ExtensibilityGlobals) = postSolution
		SolutionGuid = {836C84D6-B76A-4212-A65C-0F4E27248C47}
	EndGlobalSection
EndGlobal
